
Microsoft Visual Studio Solution File, Format Version 12.00
# Visual Studio Version 17
VisualStudioVersion = 17.14.36623.8 d17.14
MinimumVisualStudioVersion = 10.0.40219.1
Project("{FAE04EC0-301F-11D3-BF4B-00C04F79EFBC}") = "TestTK", "TestTK\TestTK.csproj", "{5962BC34-9D69-4863-BEB7-D65469970106}"
EndProject
Project("{FAE04EC0-301F-11D3-BF4B-00C04F79EFBC}") = "UnitTest", "UnitTest\UnitTest.csproj", "{A54A363F-86BC-4C57-A523-67E23F7B36BF}"
EndProject
Global
	GlobalSection(SolutionConfigurationPlatforms) = preSolution
		Debug|Any CPU = Debug|Any CPU
		Release|Any CPU = Release|Any CPU
	EndGlobalSection
	GlobalSection(ProjectConfigurationPlatforms) = postSolution
		{5962BC34-9D69-4863-BEB7-D65469970106}.Debug|Any CPU.ActiveCfg = Debug|Any CPU
		{5962BC34-9D69-4863-BEB7-D65469970106}.Debug|Any CPU.Build.0 = Debug|Any CPU
		{5962BC34-9D69-4863-BEB7-D65469970106}.Release|Any CPU.ActiveCfg = Release|Any CPU
		{5962BC34-9D69-4863-BEB7-D65469970106}.Release|Any CPU.Build.0 = Release|Any CPU
		{A54A363F-86BC-4C57-A523-67E23F7B36BF}.Debug|Any CPU.ActiveCfg = Debug|Any CPU
		{A54A363F-86BC-4C57-A523-67E23F7B36BF}.Debug|Any CPU.Build.0 = Debug|Any CPU
		{A54A363F-86BC-4C57-A523-67E23F7B36BF}.Release|Any CPU.ActiveCfg = Release|Any CPU
		{A54A363F-86BC-4C57-A523-67E23F7B36BF}.Release|Any CPU.Build.0 = Release|Any CPU
	EndGlobalSection
	GlobalSection(SolutionProperties) = preSolution
		HideSolutionNode = FALSE
	EndGlobalSection
	GlobalSection(ExtensibilityGlobals) = postSolution
		SolutionGuid = {ECBF34E1-36BD-4D75-8105-FC7B5EB83D57}
	EndGlobalSection
EndGlobal
